
Microsoft Visual Studio Solution File, Format Version 12.00
# Visual Studio Version 17
VisualStudioVersion = 17.11.35327.3
MinimumVisualStudioVersion = 10.0.40219.1
Project("{FAE04EC0-301F-11D3-BF4B-00C04F79EFBC}") = "MakeTriangule", "MakeTriangule\MakeTriangule.csproj", "{C186558A-4442-4A80-B50B-1EDC7BCAB96E}"
EndProject
Global
	GlobalSection(SolutionConfigurationPlatforms) = preSolution
		Debug|Any CPU = Debug|Any CPU
		Release|Any CPU = Release|Any CPU
	EndGlobalSection
	GlobalSection(ProjectConfigurationPlatforms) = postSolution
		{C186558A-4442-4A80-B50B-1EDC7BCAB96E}.Debug|Any CPU.ActiveCfg = Debug|Any CPU
		{C186558A-4442-4A80-B50B-1EDC7BCAB96E}.Debug|Any CPU.Build.0 = Debug|Any CPU
		{C186558A-4442-4A80-B50B-1EDC7BCAB96E}.Release|Any CPU.ActiveCfg = Release|Any CPU
		{C186558A-4442-4A80-B50B-1EDC7BCAB96E}.Release|Any CPU.Build.0 = Release|Any CPU
	EndGlobalSection
	GlobalSection(SolutionProperties) = preSolution
		HideSolutionNode = FALSE
	EndGlobalSection
	GlobalSection(ExtensibilityGlobals) = postSolution
		SolutionGuid = {62883D5B-A152-4DEB-81F1-30CA19F41220}
	EndGlobalSection
EndGlobal
